{
  "name": "projeto_vitalpets",
  "version": "1.0.0",
  "lockfileVersion": 1,
  "requires": true,
  "dependencies": {
    "bootstrap": {
      "version": "4.4.1",
      "resolved": "https://registry.npmjs.org/bootstrap/-/bootstrap-4.4.1.tgz",
      "integrity": "sha512-tbx5cHubwE6e2ZG7nqM3g/FZ5PQEDMWmMGNrCUBVRPHXTJaH7CBDdsLeu3eCh3B1tzAxTnAbtmrzvWEvT2NNEA==",
      "dev": true
    },
    "jquery": {
      "version": "3.4.1",
      "resolved": "https://registry.npmjs.org/jquery/-/jquery-3.4.1.tgz",
      "integrity": "sha512-36+AdBzCL+y6qjw5Tx7HgzeGCzC81MDDgaUP8ld2zhx58HdqXGoBd+tHdrBMiyjGQs0Hxs/MLZTu/eHNJJuWPw==",
      "dev": true
    },
    "lightbox2": {
      "version": "2.11.1",
      "resolved": "https://registry.npmjs.org/lightbox2/-/lightbox2-2.11.1.tgz",
      "integrity": "sha512-24vsIspqtcnkVlh6XgGK+vHm9tUc2/x4tNpAQdEAbafIrTk4fzVgozcIX7ExUG0TAlhsE7VMtWc+WD5Sb7PiXA=="
    }
  }
}
